// !$*UTF8*$!
{
	archiveVersion = 1;
	classes = {
	};
	objectVersion = 56;
	objects = {

/* Begin PBXBuildFile section */
		0565AE752A5AF0BE0050A9D8 /* xSpendApp.swift in Sources */ = {isa = PBXBuildFile; fileRef = 0565AE742A5AF0BE0050A9D8 /* xSpendApp.swift */; };
		0565AE772A5AF0BE0050A9D8 /* LandingScreen.swift in Sources */ = {isa = PBXBuildFile; fileRef = 0565AE762A5AF0BE0050A9D8 /* LandingScreen.swift */; };
		0565AE792A5AF0BF0050A9D8 /* Assets.xcassets in Resources */ = {isa = PBXBuildFile; fileRef = 0565AE782A5AF0BF0050A9D8 /* Assets.xcassets */; };
		0565AE7C2A5AF0BF0050A9D8 /* Preview Assets.xcassets in Resources */ = {isa = PBXBuildFile; fileRef = 0565AE7B2A5AF0BF0050A9D8 /* Preview Assets.xcassets */; };
		0565AE852A5B02310050A9D8 /* LoginScreen.swift in Sources */ = {isa = PBXBuildFile; fileRef = 0565AE842A5B02310050A9D8 /* LoginScreen.swift */; };
		0565AE872A5B04A80050A9D8 /* SignupScreen.swift in Sources */ = {isa = PBXBuildFile; fileRef = 0565AE862A5B04A80050A9D8 /* SignupScreen.swift */; };
		057978372C0CD2C200550877 /* Constants.swift in Sources */ = {isa = PBXBuildFile; fileRef = 057978362C0CD2C200550877 /* Constants.swift */; };
		0579783B2C14F09500550877 /* HeaderTitle.swift in Sources */ = {isa = PBXBuildFile; fileRef = 0579783A2C14F09500550877 /* HeaderTitle.swift */; };
		057978482C151BAB00550877 /* ExpensesList.swift in Sources */ = {isa = PBXBuildFile; fileRef = 057978472C151BAB00550877 /* ExpensesList.swift */; };
		0597263C2B39DFE900A13131 /* GoogleService-Info.plist in Resources */ = {isa = PBXBuildFile; fileRef = 0597263B2B39DFE900A13131 /* GoogleService-Info.plist */; };
		0598EA132AEEB4CA00EC9EC0 /* FirebaseViewModel.swift in Sources */ = {isa = PBXBuildFile; fileRef = 0598EA122AEEB4CA00EC9EC0 /* FirebaseViewModel.swift */; };
		059CDDEF2A60946B0006DF80 /* CustomTabBar.swift in Sources */ = {isa = PBXBuildFile; fileRef = 059CDDEE2A60946B0006DF80 /* CustomTabBar.swift */; };
		059CDDF32A6096790006DF80 /* AddNewExpense.swift in Sources */ = {isa = PBXBuildFile; fileRef = 059CDDF22A6096790006DF80 /* AddNewExpense.swift */; };
		059CDDF52A6096900006DF80 /* Profile.swift in Sources */ = {isa = PBXBuildFile; fileRef = 059CDDF42A6096900006DF80 /* Profile.swift */; };
		059CDDFB2A6866FA0006DF80 /* CountryCurrencyCode.swift in Sources */ = {isa = PBXBuildFile; fileRef = 059CDDFA2A6866FA0006DF80 /* CountryCurrencyCode.swift */; };
		059CFA2F2AF0563300647653 /* ExpensesScreen.swift in Sources */ = {isa = PBXBuildFile; fileRef = 059CFA2E2AF0563300647653 /* ExpensesScreen.swift */; };
		05BE81212B404E390082087C /* ExchangeRatesViewModel.swift in Sources */ = {isa = PBXBuildFile; fileRef = 05BE81202B404E390082087C /* ExchangeRatesViewModel.swift */; };
		05BE81242B4095970082087C /* ExchangeRate.swift in Sources */ = {isa = PBXBuildFile; fileRef = 05BE81232B4095970082087C /* ExchangeRate.swift */; };
		05F6641D2A7052A800F5D701 /* Expense.swift in Sources */ = {isa = PBXBuildFile; fileRef = 05F6641C2A7052A800F5D701 /* Expense.swift */; };
		05F6641F2A797BE000F5D701 /* ExpenseTypes.swift in Sources */ = {isa = PBXBuildFile; fileRef = 05F6641E2A797BE000F5D701 /* ExpenseTypes.swift */; };
		5BD4032159E8F37E6985C5FA /* Pods_xSpend.framework in Frameworks */ = {isa = PBXBuildFile; fileRef = 7542958D217ABE34EB600133 /* Pods_xSpend.framework */; };
/* End PBXBuildFile section */

/* Begin PBXFileReference section */
		0565AE712A5AF0BE0050A9D8 /* xSpend.app */ = {isa = PBXFileReference; explicitFileType = wrapper.application; includeInIndex = 0; path = xSpend.app; sourceTree = BUILT_PRODUCTS_DIR; };
		0565AE742A5AF0BE0050A9D8 /* xSpendApp.swift */ = {isa = PBXFileReference; lastKnownFileType = sourcecode.swift; path = xSpendApp.swift; sourceTree = "<group>"; };
		0565AE762A5AF0BE0050A9D8 /* LandingScreen.swift */ = {isa = PBXFileReference; lastKnownFileType = sourcecode.swift; path = LandingScreen.swift; sourceTree = "<group>"; };
		0565AE782A5AF0BF0050A9D8 /* Assets.xcassets */ = {isa = PBXFileReference; lastKnownFileType = folder.assetcatalog; path = Assets.xcassets; sourceTree = "<group>"; };
		0565AE7B2A5AF0BF0050A9D8 /* Preview Assets.xcassets */ = {isa = PBXFileReference; lastKnownFileType = folder.assetcatalog; path = "Preview Assets.xcassets"; sourceTree = "<group>"; };
		0565AE842A5B02310050A9D8 /* LoginScreen.swift */ = {isa = PBXFileReference; lastKnownFileType = sourcecode.swift; path = LoginScreen.swift; sourceTree = "<group>"; };
		0565AE862A5B04A80050A9D8 /* SignupScreen.swift */ = {isa = PBXFileReference; lastKnownFileType = sourcecode.swift; path = SignupScreen.swift; sourceTree = "<group>"; };
		057978362C0CD2C200550877 /* Constants.swift */ = {isa = PBXFileReference; lastKnownFileType = sourcecode.swift; path = Constants.swift; sourceTree = "<group>"; };
		0579783A2C14F09500550877 /* HeaderTitle.swift */ = {isa = PBXFileReference; lastKnownFileType = sourcecode.swift; path = HeaderTitle.swift; sourceTree = "<group>"; };
		057978472C151BAB00550877 /* ExpensesList.swift */ = {isa = PBXFileReference; lastKnownFileType = sourcecode.swift; path = ExpensesList.swift; sourceTree = "<group>"; };
		0597263B2B39DFE900A13131 /* GoogleService-Info.plist */ = {isa = PBXFileReference; fileEncoding = 4; lastKnownFileType = text.plist.xml; path = "GoogleService-Info.plist"; sourceTree = "<group>"; };
		0598EA122AEEB4CA00EC9EC0 /* FirebaseViewModel.swift */ = {isa = PBXFileReference; lastKnownFileType = sourcecode.swift; path = FirebaseViewModel.swift; sourceTree = "<group>"; };
		059CDDEE2A60946B0006DF80 /* CustomTabBar.swift */ = {isa = PBXFileReference; lastKnownFileType = sourcecode.swift; path = CustomTabBar.swift; sourceTree = "<group>"; };
		059CDDF22A6096790006DF80 /* AddNewExpense.swift */ = {isa = PBXFileReference; lastKnownFileType = sourcecode.swift; path = AddNewExpense.swift; sourceTree = "<group>"; };
		059CDDF42A6096900006DF80 /* Profile.swift */ = {isa = PBXFileReference; lastKnownFileType = sourcecode.swift; path = Profile.swift; sourceTree = "<group>"; };
		059CDDFA2A6866FA0006DF80 /* CountryCurrencyCode.swift */ = {isa = PBXFileReference; lastKnownFileType = sourcecode.swift; path = CountryCurrencyCode.swift; sourceTree = "<group>"; };
		059CFA2E2AF0563300647653 /* ExpensesScreen.swift */ = {isa = PBXFileReference; lastKnownFileType = sourcecode.swift; path = ExpensesScreen.swift; sourceTree = "<group>"; };
		05BE81202B404E390082087C /* ExchangeRatesViewModel.swift */ = {isa = PBXFileReference; lastKnownFileType = sourcecode.swift; path = ExchangeRatesViewModel.swift; sourceTree = "<group>"; };
		05BE81232B4095970082087C /* ExchangeRate.swift */ = {isa = PBXFileReference; lastKnownFileType = sourcecode.swift; path = ExchangeRate.swift; sourceTree = "<group>"; };
		05F6641C2A7052A800F5D701 /* Expense.swift */ = {isa = PBXFileReference; lastKnownFileType = sourcecode.swift; path = Expense.swift; sourceTree = "<group>"; };
		05F6641E2A797BE000F5D701 /* ExpenseTypes.swift */ = {isa = PBXFileReference; lastKnownFileType = sourcecode.swift; path = ExpenseTypes.swift; sourceTree = "<group>"; };
		5FAA02916440240AA9A2AC37 /* Pods-xSpend.release.xcconfig */ = {isa = PBXFileReference; includeInIndex = 1; lastKnownFileType = text.xcconfig; name = "Pods-xSpend.release.xcconfig"; path = "Target Support Files/Pods-xSpend/Pods-xSpend.release.xcconfig"; sourceTree = "<group>"; };
		7542958D217ABE34EB600133 /* Pods_xSpend.framework */ = {isa = PBXFileReference; explicitFileType = wrapper.framework; includeInIndex = 0; path = Pods_xSpend.framework; sourceTree = BUILT_PRODUCTS_DIR; };
		9B962134E31EE37060EB2C4B /* Pods-xSpend.debug.xcconfig */ = {isa = PBXFileReference; includeInIndex = 1; lastKnownFileType = text.xcconfig; name = "Pods-xSpend.debug.xcconfig"; path = "Target Support Files/Pods-xSpend/Pods-xSpend.debug.xcconfig"; sourceTree = "<group>"; };
/* End PBXFileReference section */

/* Begin PBXFrameworksBuildPhase section */
		0565AE6E2A5AF0BE0050A9D8 /* Frameworks */ = {
			isa = PBXFrameworksBuildPhase;
			buildActionMask = 2147483647;
			files = (
				5BD4032159E8F37E6985C5FA /* Pods_xSpend.framework in Frameworks */,
			);
			runOnlyForDeploymentPostprocessing = 0;
		};
/* End PBXFrameworksBuildPhase section */

/* Begin PBXGroup section */
		0565AE682A5AF0BE0050A9D8 = {
			isa = PBXGroup;
			children = (
				0565AE732A5AF0BE0050A9D8 /* xSpend */,
				0565AE722A5AF0BE0050A9D8 /* Products */,
				B5CB44617407C855F44C6CE3 /* Pods */,
				3D5DF300D9A7862AD74A1A65 /* Frameworks */,
			);
			sourceTree = "<group>";
		};
		0565AE722A5AF0BE0050A9D8 /* Products */ = {
			isa = PBXGroup;
			children = (
				0565AE712A5AF0BE0050A9D8 /* xSpend.app */,
			);
			name = Products;
			sourceTree = "<group>";
		};
		0565AE732A5AF0BE0050A9D8 /* xSpend */ = {
			isa = PBXGroup;
			children = (
				0565AE742A5AF0BE0050A9D8 /* xSpendApp.swift */,
				0597263B2B39DFE900A13131 /* GoogleService-Info.plist */,
				057978442C15140F00550877 /* ExchangeRates */,
				057978412C1513C500550877 /* Firebase */,
				059CDDED2A6094510006DF80 /* Components */,
				057978402C15134900550877 /* Constants */,
				0565AE822A5AF2EC0050A9D8 /* View */,
				0565AE782A5AF0BF0050A9D8 /* Assets.xcassets */,
				0565AE7A2A5AF0BF0050A9D8 /* Preview Content */,
			);
			path = xSpend;
			sourceTree = "<group>";
		};
		0565AE7A2A5AF0BF0050A9D8 /* Preview Content */ = {
			isa = PBXGroup;
			children = (
				0565AE7B2A5AF0BF0050A9D8 /* Preview Assets.xcassets */,
			);
			path = "Preview Content";
			sourceTree = "<group>";
		};
		0565AE822A5AF2EC0050A9D8 /* View */ = {
			isa = PBXGroup;
			children = (
				0565AE762A5AF0BE0050A9D8 /* LandingScreen.swift */,
				0565AE842A5B02310050A9D8 /* LoginScreen.swift */,
				0565AE862A5B04A80050A9D8 /* SignupScreen.swift */,
				059CDDF22A6096790006DF80 /* AddNewExpense.swift */,
				059CDDF42A6096900006DF80 /* Profile.swift */,
				05F6641E2A797BE000F5D701 /* ExpenseTypes.swift */,
				059CFA2E2AF0563300647653 /* ExpensesScreen.swift */,
			);
			path = View;
			sourceTree = "<group>";
		};
		057978402C15134900550877 /* Constants */ = {
			isa = PBXGroup;
			children = (
				057978362C0CD2C200550877 /* Constants.swift */,
				059CDDFA2A6866FA0006DF80 /* CountryCurrencyCode.swift */,
			);
			path = Constants;
			sourceTree = "<group>";
		};
		057978412C1513C500550877 /* Firebase */ = {
			isa = PBXGroup;
			children = (
				057978432C1513E400550877 /* Model */,
				057978422C1513D400550877 /* ViewModel */,
			);
			path = Firebase;
			sourceTree = "<group>";
		};
		057978422C1513D400550877 /* ViewModel */ = {
			isa = PBXGroup;
			children = (
				0598EA122AEEB4CA00EC9EC0 /* FirebaseViewModel.swift */,
			);
			path = ViewModel;
			sourceTree = "<group>";
		};
		057978432C1513E400550877 /* Model */ = {
			isa = PBXGroup;
			children = (
				05F6641C2A7052A800F5D701 /* Expense.swift */,
			);
			path = Model;
			sourceTree = "<group>";
		};
		057978442C15140F00550877 /* ExchangeRates */ = {
			isa = PBXGroup;
			children = (
				057978462C15144400550877 /* ViewModel */,
				057978452C15142500550877 /* Model */,
			);
			path = ExchangeRates;
			sourceTree = "<group>";
		};
		057978452C15142500550877 /* Model */ = {
			isa = PBXGroup;
			children = (
				05BE81232B4095970082087C /* ExchangeRate.swift */,
			);
			path = Model;
			sourceTree = "<group>";
		};
		057978462C15144400550877 /* ViewModel */ = {
			isa = PBXGroup;
			children = (
				05BE81202B404E390082087C /* ExchangeRatesViewModel.swift */,
			);
			path = ViewModel;
			sourceTree = "<group>";
		};
		059CDDED2A6094510006DF80 /* Components */ = {
			isa = PBXGroup;
			children = (
				059CDDEE2A60946B0006DF80 /* CustomTabBar.swift */,
				0579783A2C14F09500550877 /* HeaderTitle.swift */,
				057978472C151BAB00550877 /* ExpensesList.swift */,
			);
			path = Components;
			sourceTree = "<group>";
		};
		3D5DF300D9A7862AD74A1A65 /* Frameworks */ = {
			isa = PBXGroup;
			children = (
				7542958D217ABE34EB600133 /* Pods_xSpend.framework */,
			);
			name = Frameworks;
			sourceTree = "<group>";
		};
		B5CB44617407C855F44C6CE3 /* Pods */ = {
			isa = PBXGroup;
			children = (
				9B962134E31EE37060EB2C4B /* Pods-xSpend.debug.xcconfig */,
				5FAA02916440240AA9A2AC37 /* Pods-xSpend.release.xcconfig */,
			);
			path = Pods;
			sourceTree = "<group>";
		};
/* End PBXGroup section */

/* Begin PBXNativeTarget section */
		0565AE702A5AF0BE0050A9D8 /* xSpend */ = {
			isa = PBXNativeTarget;
			buildConfigurationList = 0565AE7F2A5AF0BF0050A9D8 /* Build configuration list for PBXNativeTarget "xSpend" */;
			buildPhases = (
				ADD18ABD69AE64997CFAED2B /* [CP] Check Pods Manifest.lock */,
				0565AE6D2A5AF0BE0050A9D8 /* Sources */,
				0565AE6E2A5AF0BE0050A9D8 /* Frameworks */,
				0565AE6F2A5AF0BE0050A9D8 /* Resources */,
				203F695BC3381EF4CCC8799C /* [CP] Embed Pods Frameworks */,
			);
			buildRules = (
			);
			dependencies = (
			);
			name = xSpend;
			productName = xSpend;
			productReference = 0565AE712A5AF0BE0050A9D8 /* xSpend.app */;
			productType = "com.apple.product-type.application";
		};
/* End PBXNativeTarget section */

/* Begin PBXProject section */
		0565AE692A5AF0BE0050A9D8 /* Project object */ = {
			isa = PBXProject;
			attributes = {
				BuildIndependentTargetsInParallel = 1;
				LastSwiftUpdateCheck = 1420;
				LastUpgradeCheck = 1420;
				TargetAttributes = {
					0565AE702A5AF0BE0050A9D8 = {
						CreatedOnToolsVersion = 14.2;
					};
				};
			};
			buildConfigurationList = 0565AE6C2A5AF0BE0050A9D8 /* Build configuration list for PBXProject "xSpend" */;
			compatibilityVersion = "Xcode 14.0";
			developmentRegion = en;
			hasScannedForEncodings = 0;
			knownRegions = (
				en,
				Base,
			);
			mainGroup = 0565AE682A5AF0BE0050A9D8;
			productRefGroup = 0565AE722A5AF0BE0050A9D8 /* Products */;
			projectDirPath = "";
			projectRoot = "";
			targets = (
				0565AE702A5AF0BE0050A9D8 /* xSpend */,
			);
		};
/* End PBXProject section */

/* Begin PBXResourcesBuildPhase section */
		0565AE6F2A5AF0BE0050A9D8 /* Resources */ = {
			isa = PBXResourcesBuildPhase;
			buildActionMask = 2147483647;
			files = (
				0565AE7C2A5AF0BF0050A9D8 /* Preview Assets.xcassets in Resources */,
				0565AE792A5AF0BF0050A9D8 /* Assets.xcassets in Resources */,
				0597263C2B39DFE900A13131 /* GoogleService-Info.plist in Resources */,
			);
			runOnlyForDeploymentPostprocessing = 0;
		};
/* End PBXResourcesBuildPhase section */

/* Begin PBXShellScriptBuildPhase section */
		203F695BC3381EF4CCC8799C /* [CP] Embed Pods Frameworks */ = {
			isa = PBXShellScriptBuildPhase;
			buildActionMask = 2147483647;
			files = (
			);
			inputFileListPaths = (
				"${PODS_ROOT}/Target Support Files/Pods-xSpend/Pods-xSpend-frameworks-${CONFIGURATION}-input-files.xcfilelist",
			);
			name = "[CP] Embed Pods Frameworks";
			outputFileListPaths = (
				"${PODS_ROOT}/Target Support Files/Pods-xSpend/Pods-xSpend-frameworks-${CONFIGURATION}-output-files.xcfilelist",
			);
			runOnlyForDeploymentPostprocessing = 0;
			shellPath = /bin/sh;
			shellScript = "\"${PODS_ROOT}/Target Support Files/Pods-xSpend/Pods-xSpend-frameworks.sh\"\n";
			showEnvVarsInLog = 0;
		};
		ADD18ABD69AE64997CFAED2B /* [CP] Check Pods Manifest.lock */ = {
			isa = PBXShellScriptBuildPhase;
			buildActionMask = 2147483647;
			files = (
			);
			inputFileListPaths = (
			);
			inputPaths = (
				"${PODS_PODFILE_DIR_PATH}/Podfile.lock",
				"${PODS_ROOT}/Manifest.lock",
			);
			name = "[CP] Check Pods Manifest.lock";
			outputFileListPaths = (
			);
			outputPaths = (
				"$(DERIVED_FILE_DIR)/Pods-xSpend-checkManifestLockResult.txt",
			);
			runOnlyForDeploymentPostprocessing = 0;
			shellPath = /bin/sh;
			shellScript = "diff \"${PODS_PODFILE_DIR_PATH}/Podfile.lock\" \"${PODS_ROOT}/Manifest.lock\" > /dev/null\nif [ $? != 0 ] ; then\n    # print error to STDERR\n    echo \"error: The sandbox is not in sync with the Podfile.lock. Run 'pod install' or update your CocoaPods installation.\" >&2\n    exit 1\nfi\n# This output is used by Xcode 'outputs' to avoid re-running this script phase.\necho \"SUCCESS\" > \"${SCRIPT_OUTPUT_FILE_0}\"\n";
			showEnvVarsInLog = 0;
		};
/* End PBXShellScriptBuildPhase section */

/* Begin PBXSourcesBuildPhase section */
		0565AE6D2A5AF0BE0050A9D8 /* Sources */ = {
			isa = PBXSourcesBuildPhase;
			buildActionMask = 2147483647;
			files = (
				0565AE772A5AF0BE0050A9D8 /* LandingScreen.swift in Sources */,
				05BE81212B404E390082087C /* ExchangeRatesViewModel.swift in Sources */,
				059CDDEF2A60946B0006DF80 /* CustomTabBar.swift in Sources */,
				0565AE752A5AF0BE0050A9D8 /* xSpendApp.swift in Sources */,
				0598EA132AEEB4CA00EC9EC0 /* FirebaseViewModel.swift in Sources */,
				057978372C0CD2C200550877 /* Constants.swift in Sources */,
				059CDDF52A6096900006DF80 /* Profile.swift in Sources */,
				0579783B2C14F09500550877 /* HeaderTitle.swift in Sources */,
				05F6641D2A7052A800F5D701 /* Expense.swift in Sources */,
				059CDDF32A6096790006DF80 /* AddNewExpense.swift in Sources */,
				0565AE852A5B02310050A9D8 /* LoginScreen.swift in Sources */,
				057978482C151BAB00550877 /* ExpensesList.swift in Sources */,
				059CFA2F2AF0563300647653 /* ExpensesScreen.swift in Sources */,
				059CDDFB2A6866FA0006DF80 /* CountryCurrencyCode.swift in Sources */,
				0565AE872A5B04A80050A9D8 /* SignupScreen.swift in Sources */,
				05BE81242B4095970082087C /* ExchangeRate.swift in Sources */,
				05F6641F2A797BE000F5D701 /* ExpenseTypes.swift in Sources */,
			);
			runOnlyForDeploymentPostprocessing = 0;
		};
/* End PBXSourcesBuildPhase section */

/* Begin XCBuildConfiguration section */
		0565AE7D2A5AF0BF0050A9D8 /* Debug */ = {
			isa = XCBuildConfiguration;
			buildSettings = {
				ALWAYS_SEARCH_USER_PATHS = NO;
				CLANG_ANALYZER_NONNULL = YES;
				CLANG_ANALYZER_NUMBER_OBJECT_CONVERSION = YES_AGGRESSIVE;
				CLANG_CXX_LANGUAGE_STANDARD = "gnu++20";
				CLANG_ENABLE_MODULES = YES;
				CLANG_ENABLE_OBJC_ARC = YES;
				CLANG_ENABLE_OBJC_WEAK = YES;
				CLANG_WARN_BLOCK_CAPTURE_AUTORELEASING = YES;
				CLANG_WARN_BOOL_CONVERSION = YES;
				CLANG_WARN_COMMA = YES;
				CLANG_WARN_CONSTANT_CONVERSION = YES;
				CLANG_WARN_DEPRECATED_OBJC_IMPLEMENTATIONS = YES;
				CLANG_WARN_DIRECT_OBJC_ISA_USAGE = YES_ERROR;
				CLANG_WARN_DOCUMENTATION_COMMENTS = YES;
				CLANG_WARN_EMPTY_BODY = YES;
				CLANG_WARN_ENUM_CONVERSION = YES;
				CLANG_WARN_INFINITE_RECURSION = YES;
				CLANG_WARN_INT_CONVERSION = YES;
				CLANG_WARN_NON_LITERAL_NULL_CONVERSION = YES;
				CLANG_WARN_OBJC_IMPLICIT_RETAIN_SELF = YES;
				CLANG_WARN_OBJC_LITERAL_CONVERSION = YES;
				CLANG_WARN_OBJC_ROOT_CLASS = YES_ERROR;
				CLANG_WARN_QUOTED_INCLUDE_IN_FRAMEWORK_HEADER = YES;
				CLANG_WARN_RANGE_LOOP_ANALYSIS = YES;
				CLANG_WARN_STRICT_PROTOTYPES = YES;
				CLANG_WARN_SUSPICIOUS_MOVE = YES;
				CLANG_WARN_UNGUARDED_AVAILABILITY = YES_AGGRESSIVE;
				CLANG_WARN_UNREACHABLE_CODE = YES;
				CLANG_WARN__DUPLICATE_METHOD_MATCH = YES;
				COPY_PHASE_STRIP = NO;
				DEBUG_INFORMATION_FORMAT = dwarf;
				ENABLE_STRICT_OBJC_MSGSEND = YES;
				ENABLE_TESTABILITY = YES;
				GCC_C_LANGUAGE_STANDARD = gnu11;
				GCC_DYNAMIC_NO_PIC = NO;
				GCC_NO_COMMON_BLOCKS = YES;
				GCC_OPTIMIZATION_LEVEL = 0;
				GCC_PREPROCESSOR_DEFINITIONS = (
					"DEBUG=1",
					"$(inherited)",
				);
				GCC_WARN_64_TO_32_BIT_CONVERSION = YES;
				GCC_WARN_ABOUT_RETURN_TYPE = YES_ERROR;
				GCC_WARN_UNDECLARED_SELECTOR = YES;
				GCC_WARN_UNINITIALIZED_AUTOS = YES_AGGRESSIVE;
				GCC_WARN_UNUSED_FUNCTION = YES;
				GCC_WARN_UNUSED_VARIABLE = YES;
				IPHONEOS_DEPLOYMENT_TARGET = 17.0;
				MTL_ENABLE_DEBUG_INFO = INCLUDE_SOURCE;
				MTL_FAST_MATH = YES;
				ONLY_ACTIVE_ARCH = YES;
				SDKROOT = iphoneos;
				SWIFT_ACTIVE_COMPILATION_CONDITIONS = DEBUG;
				SWIFT_OPTIMIZATION_LEVEL = "-Onone";
			};
			name = Debug;
		};
		0565AE7E2A5AF0BF0050A9D8 /* Release */ = {
			isa = XCBuildConfiguration;
			buildSettings = {
				ALWAYS_SEARCH_USER_PATHS = NO;
				CLANG_ANALYZER_NONNULL = YES;
				CLANG_ANALYZER_NUMBER_OBJECT_CONVERSION = YES_AGGRESSIVE;
				CLANG_CXX_LANGUAGE_STANDARD = "gnu++20";
				CLANG_ENABLE_MODULES = YES;
				CLANG_ENABLE_OBJC_ARC = YES;
				CLANG_ENABLE_OBJC_WEAK = YES;
				CLANG_WARN_BLOCK_CAPTURE_AUTORELEASING = YES;
				CLANG_WARN_BOOL_CONVERSION = YES;
				CLANG_WARN_COMMA = YES;
				CLANG_WARN_CONSTANT_CONVERSION = YES;
				CLANG_WARN_DEPRECATED_OBJC_IMPLEMENTATIONS = YES;
				CLANG_WARN_DIRECT_OBJC_ISA_USAGE = YES_ERROR;
				CLANG_WARN_DOCUMENTATION_COMMENTS = YES;
				CLANG_WARN_EMPTY_BODY = YES;
				CLANG_WARN_ENUM_CONVERSION = YES;
				CLANG_WARN_INFINITE_RECURSION = YES;
				CLANG_WARN_INT_CONVERSION = YES;
				CLANG_WARN_NON_LITERAL_NULL_CONVERSION = YES;
				CLANG_WARN_OBJC_IMPLICIT_RETAIN_SELF = YES;
				CLANG_WARN_OBJC_LITERAL_CONVERSION = YES;
				CLANG_WARN_OBJC_ROOT_CLASS = YES_ERROR;
				CLANG_WARN_QUOTED_INCLUDE_IN_FRAMEWORK_HEADER = YES;
				CLANG_WARN_RANGE_LOOP_ANALYSIS = YES;
				CLANG_WARN_STRICT_PROTOTYPES = YES;
				CLANG_WARN_SUSPICIOUS_MOVE = YES;
				CLANG_WARN_UNGUARDED_AVAILABILITY = YES_AGGRESSIVE;
				CLANG_WARN_UNREACHABLE_CODE = YES;
				CLANG_WARN__DUPLICATE_METHOD_MATCH = YES;
				COPY_PHASE_STRIP = NO;
				DEBUG_INFORMATION_FORMAT = "dwarf-with-dsym";
				ENABLE_NS_ASSERTIONS = NO;
				ENABLE_STRICT_OBJC_MSGSEND = YES;
				GCC_C_LANGUAGE_STANDARD = gnu11;
				GCC_NO_COMMON_BLOCKS = YES;
				GCC_WARN_64_TO_32_BIT_CONVERSION = YES;
				GCC_WARN_ABOUT_RETURN_TYPE = YES_ERROR;
				GCC_WARN_UNDECLARED_SELECTOR = YES;
				GCC_WARN_UNINITIALIZED_AUTOS = YES_AGGRESSIVE;
				GCC_WARN_UNUSED_FUNCTION = YES;
				GCC_WARN_UNUSED_VARIABLE = YES;
				IPHONEOS_DEPLOYMENT_TARGET = 17.0;
				MTL_ENABLE_DEBUG_INFO = NO;
				MTL_FAST_MATH = YES;
				SDKROOT = iphoneos;
				SWIFT_COMPILATION_MODE = wholemodule;
				SWIFT_OPTIMIZATION_LEVEL = "-O";
				VALIDATE_PRODUCT = YES;
			};
			name = Release;
		};
		0565AE802A5AF0BF0050A9D8 /* Debug */ = {
			isa = XCBuildConfiguration;
			baseConfigurationReference = 9B962134E31EE37060EB2C4B /* Pods-xSpend.debug.xcconfig */;
			buildSettings = {
				ASSETCATALOG_COMPILER_APPICON_NAME = AppIcon;
				ASSETCATALOG_COMPILER_GLOBAL_ACCENT_COLOR_NAME = AccentColor;
				CODE_SIGN_STYLE = Automatic;
				CURRENT_PROJECT_VERSION = 1;
				DEVELOPMENT_ASSET_PATHS = "\"xSpend/Preview Content\"";
				DEVELOPMENT_TEAM = C4Q4PVC3RU;
				ENABLE_PREVIEWS = YES;
				GENERATE_INFOPLIST_FILE = YES;
				INFOPLIST_FILE = xSpend/Info.plist;
				INFOPLIST_KEY_UIApplicationSceneManifest_Generation = YES;
				INFOPLIST_KEY_UIApplicationSupportsIndirectInputEvents = YES;
				INFOPLIST_KEY_UILaunchScreen_Generation = YES;
				INFOPLIST_KEY_UISupportedInterfaceOrientations_iPad = "UIInterfaceOrientationPortrait UIInterfaceOrientationPortraitUpsideDown UIInterfaceOrientationLandscapeLeft UIInterfaceOrientationLandscapeRight";
				INFOPLIST_KEY_UISupportedInterfaceOrientations_iPhone = "UIInterfaceOrientationPortrait UIInterfaceOrientationLandscapeLeft UIInterfaceOrientationLandscapeRight";
				IPHONEOS_DEPLOYMENT_TARGET = 17.0;
				LD_RUNPATH_SEARCH_PATHS = (
					"$(inherited)",
					"@executable_path/Frameworks",
				);
				MARKETING_VERSION = 1.0;
				NEW_SETTING = "";
				NSAppTransportSecurity = "";
				PRODUCT_BUNDLE_IDENTIFIER = co.mikePrs.xSpend;
				PRODUCT_NAME = "$(TARGET_NAME)";
				SWIFT_EMIT_LOC_STRINGS = YES;
				SWIFT_VERSION = 5.0;
				TARGETED_DEVICE_FAMILY = "1,2";
			};
			name = Debug;
		};
		0565AE812A5AF0BF0050A9D8 /* Release */ = {
			isa = XCBuildConfiguration;
			baseConfigurationReference = 5FAA02916440240AA9A2AC37 /* Pods-xSpend.release.xcconfig */;
			buildSettings = {
				ASSETCATALOG_COMPILER_APPICON_NAME = AppIcon;
				ASSETCATALOG_COMPILER_GLOBAL_ACCENT_COLOR_NAME = AccentColor;
				CODE_SIGN_STYLE = Automatic;
				CURRENT_PROJECT_VERSION = 1;
				DEVELOPMENT_ASSET_PATHS = "\"xSpend/Preview Content\"";
				DEVELOPMENT_TEAM = C4Q4PVC3RU;
				ENABLE_PREVIEWS = YES;
				GENERATE_INFOPLIST_FILE = YES;
				INFOPLIST_FILE = xSpend/Info.plist;
				INFOPLIST_KEY_UIApplicationSceneManifest_Generation = YES;
				INFOPLIST_KEY_UIApplicationSupportsIndirectInputEvents = YES;
				INFOPLIST_KEY_UILaunchScreen_Generation = YES;
				INFOPLIST_KEY_UISupportedInterfaceOrientations_iPad = "UIInterfaceOrientationPortrait UIInterfaceOrientationPortraitUpsideDown UIInterfaceOrientationLandscapeLeft UIInterfaceOrientationLandscapeRight";
				INFOPLIST_KEY_UISupportedInterfaceOrientations_iPhone = "UIInterfaceOrientationPortrait UIInterfaceOrientationLandscapeLeft UIInterfaceOrientationLandscapeRight";
				IPHONEOS_DEPLOYMENT_TARGET = 17.0;
				LD_RUNPATH_SEARCH_PATHS = (
					"$(inherited)",
					"@executable_path/Frameworks",
				);
				MARKETING_VERSION = 1.0;
				NEW_SETTING = "";
				NSAppTransportSecurity = "";
				PRODUCT_BUNDLE_IDENTIFIER = co.mikePrs.xSpend;
				PRODUCT_NAME = "$(TARGET_NAME)";
				SWIFT_EMIT_LOC_STRINGS = YES;
				SWIFT_VERSION = 5.0;
				TARGETED_DEVICE_FAMILY = "1,2";
			};
			name = Release;
		};
/* End XCBuildConfiguration section */

/* Begin XCConfigurationList section */
		0565AE6C2A5AF0BE0050A9D8 /* Build configuration list for PBXProject "xSpend" */ = {
			isa = XCConfigurationList;
			buildConfigurations = (
				0565AE7D2A5AF0BF0050A9D8 /* Debug */,
				0565AE7E2A5AF0BF0050A9D8 /* Release */,
			);
			defaultConfigurationIsVisible = 0;
			defaultConfigurationName = Release;
		};
		0565AE7F2A5AF0BF0050A9D8 /* Build configuration list for PBXNativeTarget "xSpend" */ = {
			isa = XCConfigurationList;
			buildConfigurations = (
				0565AE802A5AF0BF0050A9D8 /* Debug */,
				0565AE812A5AF0BF0050A9D8 /* Release */,
			);
			defaultConfigurationIsVisible = 0;
			defaultConfigurationName = Release;
		};
/* End XCConfigurationList section */
	};
	rootObject = 0565AE692A5AF0BE0050A9D8 /* Project object */;
}
